
Microsoft Visual Studio Solution File, Format Version 12.00
Project("{FAE04EC0-301F-11D3-BF4B-00C04F79EFBC}") = "Algorithms_LR2", "Algorithms_LR2\Algorithms_LR2.csproj", "{60A553B3-1769-47D4-B3C3-1576A60CC7D9}"
EndProject
Global
	GlobalSection(SolutionConfigurationPlatforms) = preSolution
		Debug|Any CPU = Debug|Any CPU
		Release|Any CPU = Release|Any CPU
	EndGlobalSection
	GlobalSection(ProjectConfigurationPlatforms) = postSolution
		{60A553B3-1769-47D4-B3C3-1576A60CC7D9}.Debug|Any CPU.ActiveCfg = Debug|Any CPU
		{60A553B3-1769-47D4-B3C3-1576A60CC7D9}.Debug|Any CPU.Build.0 = Debug|Any CPU
		{60A553B3-1769-47D4-B3C3-1576A60CC7D9}.Release|Any CPU.ActiveCfg = Release|Any CPU
		{60A553B3-1769-47D4-B3C3-1576A60CC7D9}.Release|Any CPU.Build.0 = Release|Any CPU
	EndGlobalSection
EndGlobal
